
Microsoft Visual Studio Solution File, Format Version 12.00
# Visual Studio Version 17
VisualStudioVersion = 17.2.32210.308
MinimumVisualStudioVersion = 10.0.40219.1
Project("{9A19103F-16F7-4668-BE54-9A1E7A4F7556}") = "Account", "Account\Account.csproj", "{8BAC5DE6-B1F2-466E-88CD-430CBF10698F}"
EndProject
Project("{FAE04EC0-301F-11D3-BF4B-00C04F79EFBC}") = "Account.App", "Account.App\Account.App.csproj", "{2345BF81-9CA8-4367-A24D-471DEB5EF19A}"
EndProject
Global
	GlobalSection(SolutionConfigurationPlatforms) = preSolution
		Debug|Any CPU = Debug|Any CPU
		Release|Any CPU = Release|Any CPU
	EndGlobalSection
	GlobalSection(ProjectConfigurationPlatforms) = postSolution
		{8BAC5DE6-B1F2-466E-88CD-430CBF10698F}.Debug|Any CPU.ActiveCfg = Debug|Any CPU
		{8BAC5DE6-B1F2-466E-88CD-430CBF10698F}.Debug|Any CPU.Build.0 = Debug|Any CPU
		{8BAC5DE6-B1F2-466E-88CD-430CBF10698F}.Release|Any CPU.ActiveCfg = Release|Any CPU
		{8BAC5DE6-B1F2-466E-88CD-430CBF10698F}.Release|Any CPU.Build.0 = Release|Any CPU
		{2345BF81-9CA8-4367-A24D-471DEB5EF19A}.Debug|Any CPU.ActiveCfg = Debug|Any CPU
		{2345BF81-9CA8-4367-A24D-471DEB5EF19A}.Debug|Any CPU.Build.0 = Debug|Any CPU
		{2345BF81-9CA8-4367-A24D-471DEB5EF19A}.Release|Any CPU.ActiveCfg = Release|Any CPU
		{2345BF81-9CA8-4367-A24D-471DEB5EF19A}.Release|Any CPU.Build.0 = Release|Any CPU
	EndGlobalSection
	GlobalSection(SolutionProperties) = preSolution
		HideSolutionNode = FALSE
	EndGlobalSection
	GlobalSection(ExtensibilityGlobals) = postSolution
		SolutionGuid = {B17ECA86-5510-46F1-9A4E-74504DB7EBD1}
	EndGlobalSection
EndGlobal
